lockfileVersion: '9.0'

settings:
  autoInstallPeers: true
  excludeLinksFromLockfile: false

importers:

  .:
    dependencies:
      '@primeuix/themes':
        specifier: 2.0.2
        version: 2.0.2
      primeng:
        specifier: 21.0.1
        version: 21.0.1(@angular/cdk@21.0.2(@angular/common@21.0.3(@angular/core@21.0.3(rxjs@7.8.2))(rxjs@7.8.2))(@angular/core@21.0.3(rxjs@7.8.2))(rxjs@7.8.2))(@angular/common@21.0.3(@angular/core@21.0.3(rxjs@7.8.2))(rxjs@7.8.2))(@angular/core@21.0.3(rxjs@7.8.2))(@angular/forms@21.0.3(@angular/common@21.0.3(@angular/core@21.0.3(rxjs@7.8.2))(rxjs@7.8.2))(@angular/core@21.0.3(rxjs@7.8.2))(@angular/platform-browser@21.0.3(@angular/common@21.0.3(@angular/core@21.0.3(rxjs@7.8.2))(rxjs@7.8.2))(@angular/core@21.0.3(rxjs@7.8.2)))(@standard-schema/spec@1.0.0)(rxjs@7.8.2))(@angular/platform-browser@21.0.3(@angular/common@21.0.3(@angular/core@21.0.3(rxjs@7.8.2))(rxjs@7.8.2))(@angular/core@21.0.3(rxjs@7.8.2)))(@angular/router@21.0.3(@angular/common@21.0.3(@angular/core@21.0.3(rxjs@7.8.2))(rxjs@7.8.2))(@angular/core@21.0.3(rxjs@7.8.2))(@angular/platform-browser@21.0.3(@angular/common@21.0.3(@angular/core@21.0.3(rxjs@7.8.2))(rxjs@7.8.2))(@angular/core@21.0.3(rxjs@7.8.2)))(rxjs@7.8.2))(rxjs@7.8.2)

packages:

  '@angular/cdk@21.0.2':
    resolution: {integrity: sha512-IbQOmbjiYhERZQseUmaLb7wegj/a7GDQEIOmC1Y71wk/WFfadX3S8WH5Wx6xVlaldg08jSUt2Djq/10hOSgsJg==}
    peerDependencies:
      '@angular/common': ^21.0.0 || ^22.0.0
      '@angular/core': ^21.0.0 || ^22.0.0
      rxjs: ^6.5.3 || ^7.4.0

  '@angular/common@21.0.3':
    resolution: {integrity: sha512-y8U5jlaK5x3fhI7WOsuiwwNYghC5TBDfmqJdQ2YT4RFG0vB4b22RW5RY5GDbQ5La4AAcpcjoqb4zca8auLCe+g==}
    engines: {node: ^20.19.0 || ^22.12.0 || >=24.0.0}
    peerDependencies:
      '@angular/core': 21.0.3
      rxjs: ^6.5.3 || ^7.4.0

  '@angular/core@21.0.3':
    resolution: {integrity: sha512-/7a2FyZp5cyjNiwuNLr889KA8DVKSTcTtZJpz57Z9DpmZhPscDOWQqLn9f8jeEwbWllvgrXJi8pKSa78r8JAwA==}
    engines: {node: ^20.19.0 || ^22.12.0 || >=24.0.0}
    peerDependencies:
      '@angular/compiler': 21.0.3
      rxjs: ^6.5.3 || ^7.4.0
      zone.js: ~0.15.0 || ~0.16.0
    peerDependenciesMeta:
      '@angular/compiler':
        optional: true
      zone.js:
        optional: true

  '@angular/forms@21.0.3':
    resolution: {integrity: sha512-W60auwyDmsglIlHAbP/eol0LyzQ6FCz8LHghNx2B4RjIpuIMyjBLBZfC0JHU0gyiKB/JfX8W4FdphvyT7I4sIw==}
    engines: {node: ^20.19.0 || ^22.12.0 || >=24.0.0}
    peerDependencies:
      '@angular/common': 21.0.3
      '@angular/core': 21.0.3
      '@angular/platform-browser': 21.0.3
      '@standard-schema/spec': ^1.0.0
      rxjs: ^6.5.3 || ^7.4.0

  '@angular/platform-browser@21.0.3':
    resolution: {integrity: sha512-vWyornr4mRtB+25d9r15IXBVkKV3TW6rmYBakmPmf8uuYDwgm8fTrFDySFChitRISfvMzR7tGJiYRBQRRp1fSA==}
    engines: {node: ^20.19.0 || ^22.12.0 || >=24.0.0}
    peerDependencies:
      '@angular/animations': 21.0.3
      '@angular/common': 21.0.3
      '@angular/core': 21.0.3
    peerDependenciesMeta:
      '@angular/animations':
        optional: true

  '@angular/router@21.0.3':
    resolution: {integrity: sha512-TxqAmANV1NmBUMCGcl5U0dz6TKAV27Db4ItWmCX5bcYcNJnmB4F2/nX69swCdSbJtXhdvduMqtrF8RbSGO/IKg==}
    engines: {node: ^20.19.0 || ^22.12.0 || >=24.0.0}
    peerDependencies:
      '@angular/common': 21.0.3
      '@angular/core': 21.0.3
      '@angular/platform-browser': 21.0.3
      rxjs: ^6.5.3 || ^7.4.0

  '@primeuix/motion@0.0.10':
    resolution: {integrity: sha512-PsZwOPq79Scp7/ionshRcQ5xKVf9+zuLcyY5mf6onK8chHT5C9JGphmcIZ4CzcqxuGEpsm8AIbTGy+zS3RtzLA==}
    engines: {node: '>=12.11.0'}

  '@primeuix/styled@0.7.4':
    resolution: {integrity: sha512-QSO/NpOQg8e9BONWRBx9y8VGMCMYz0J/uKfNJEya/RGEu7ARx0oYW0ugI1N3/KB1AAvyGxzKBzGImbwg0KUiOQ==}
    engines: {node: '>=12.11.0'}

  '@primeuix/styles@2.0.2':
    resolution: {integrity: sha512-LNtkJsTonNHF5ag+9s3+zQzm00+LRmffw68QRIHy6S/dam1JpdrrAnUzNYlWbaY7aE2EkZvQmx7Np7+PyHn+ow==}

  '@primeuix/themes@2.0.2':
    resolution: {integrity: sha512-prwQvA3tDGBz8yWSUenaJUttEMCEvPvxwOfFhDPmSe1vwsfVKL2Nmh5eZvtPFQnxmIOPsHZS7zc0/L3CzJ83Eg==}

  '@primeuix/utils@0.6.3':
    resolution: {integrity: sha512-/SLNQSKQ73WbBIsflKVqbpVjCfFYvQO3Sf1LMheXyxh8JqxO4M63dzP56wwm9OPGuCQ6MYOd2AHgZXz+g7PZcg==}
    engines: {node: '>=12.11.0'}

  '@standard-schema/spec@1.0.0':
    resolution: {integrity: sha512-m2bOd0f2RT9k8QJx1JN85cZYyH1RqFBdlwtkSlf4tBDYLCiiZnv1fIIwacK6cqwXavOydf0NPToMQgpKq+dVlA==}

  entities@6.0.1:
    resolution: {integrity: sha512-aN97NXWF6AWBTahfVOIrB/NShkzi5H7F9r1s9mD3cDj4Ko5f2qhhVoYMibXF7GlLveb/D2ioWay8lxI97Ven3g==}
    engines: {node: '>=0.12'}

  parse5@8.0.0:
    resolution: {integrity: sha512-9m4m5GSgXjL4AjumKzq1Fgfp3Z8rsvjRNbnkVwfu2ImRqE5D0LnY2QfDen18FSY9C573YU5XxSapdHZTZ2WolA==}

  primeng@21.0.1:
    resolution: {integrity: sha512-lCmMpr2cgL4r/HPByMnrKTPgwYJAQhMDbtu/u8VL3Otnzs8KSKY7bmSnH6cqvucsk8lr/VSKJTxbssb9gtmOVg==}
    peerDependencies:
      '@angular/cdk': ^21.0.0
      '@angular/common': ^21.0.0
      '@angular/core': ^21.0.0
      '@angular/forms': ^21.0.0
      '@angular/platform-browser': ^21.0.0
      '@angular/router': ^21.0.0
      rxjs: ^6.0.0 || ^7.8.1

  rxjs@7.8.2:
    resolution: {integrity: sha512-dhKf903U/PQZY6boNNtAGdWbG85WAbjT/1xYoZIC7FAY0yWapOBQVsVrDl58W86//e1VpMNBtRV4MaXfdMySFA==}

  tslib@2.8.1:
    resolution: {integrity: sha512-oJFu94HQb+KVduSUQL7wnpmqnfmLsOA/nAh6b6EH0wCEoK0/mPeXU6c3wKDV83MkOuHPRHtSXKKU99IBazS/2w==}

snapshots:

  '@angular/cdk@21.0.2(@angular/common@21.0.3(@angular/core@21.0.3(rxjs@7.8.2))(rxjs@7.8.2))(@angular/core@21.0.3(rxjs@7.8.2))(rxjs@7.8.2)':
    dependencies:
      '@angular/common': 21.0.3(@angular/core@21.0.3(rxjs@7.8.2))(rxjs@7.8.2)
      '@angular/core': 21.0.3(rxjs@7.8.2)
      parse5: 8.0.0
      rxjs: 7.8.2
      tslib: 2.8.1

  '@angular/common@21.0.3(@angular/core@21.0.3(rxjs@7.8.2))(rxjs@7.8.2)':
    dependencies:
      '@angular/core': 21.0.3(rxjs@7.8.2)
      rxjs: 7.8.2
      tslib: 2.8.1

  '@angular/core@21.0.3(rxjs@7.8.2)':
    dependencies:
      rxjs: 7.8.2
      tslib: 2.8.1

  '@angular/forms@21.0.3(@angular/common@21.0.3(@angular/core@21.0.3(rxjs@7.8.2))(rxjs@7.8.2))(@angular/core@21.0.3(rxjs@7.8.2))(@angular/platform-browser@21.0.3(@angular/common@21.0.3(@angular/core@21.0.3(rxjs@7.8.2))(rxjs@7.8.2))(@angular/core@21.0.3(rxjs@7.8.2)))(@standard-schema/spec@1.0.0)(rxjs@7.8.2)':
    dependencies:
      '@angular/common': 21.0.3(@angular/core@21.0.3(rxjs@7.8.2))(rxjs@7.8.2)
      '@angular/core': 21.0.3(rxjs@7.8.2)
      '@angular/platform-browser': 21.0.3(@angular/common@21.0.3(@angular/core@21.0.3(rxjs@7.8.2))(rxjs@7.8.2))(@angular/core@21.0.3(rxjs@7.8.2))
      '@standard-schema/spec': 1.0.0
      rxjs: 7.8.2
      tslib: 2.8.1

  '@angular/platform-browser@21.0.3(@angular/common@21.0.3(@angular/core@21.0.3(rxjs@7.8.2))(rxjs@7.8.2))(@angular/core@21.0.3(rxjs@7.8.2))':
    dependencies:
      '@angular/common': 21.0.3(@angular/core@21.0.3(rxjs@7.8.2))(rxjs@7.8.2)
      '@angular/core': 21.0.3(rxjs@7.8.2)
      tslib: 2.8.1

  '@angular/router@21.0.3(@angular/common@21.0.3(@angular/core@21.0.3(rxjs@7.8.2))(rxjs@7.8.2))(@angular/core@21.0.3(rxjs@7.8.2))(@angular/platform-browser@21.0.3(@angular/common@21.0.3(@angular/core@21.0.3(rxjs@7.8.2))(rxjs@7.8.2))(@angular/core@21.0.3(rxjs@7.8.2)))(rxjs@7.8.2)':
    dependencies:
      '@angular/common': 21.0.3(@angular/core@21.0.3(rxjs@7.8.2))(rxjs@7.8.2)
      '@angular/core': 21.0.3(rxjs@7.8.2)
      '@angular/platform-browser': 21.0.3(@angular/common@21.0.3(@angular/core@21.0.3(rxjs@7.8.2))(rxjs@7.8.2))(@angular/core@21.0.3(rxjs@7.8.2))
      rxjs: 7.8.2
      tslib: 2.8.1

  '@primeuix/motion@0.0.10':
    dependencies:
      '@primeuix/utils': 0.6.3

  '@primeuix/styled@0.7.4':
    dependencies:
      '@primeuix/utils': 0.6.3

  '@primeuix/styles@2.0.2':
    dependencies:
      '@primeuix/styled': 0.7.4

  '@primeuix/themes@2.0.2':
    dependencies:
      '@primeuix/styled': 0.7.4

  '@primeuix/utils@0.6.3': {}

  '@standard-schema/spec@1.0.0': {}

  entities@6.0.1: {}

  parse5@8.0.0:
    dependencies:
      entities: 6.0.1

  primeng@21.0.1(@angular/cdk@21.0.2(@angular/common@21.0.3(@angular/core@21.0.3(rxjs@7.8.2))(rxjs@7.8.2))(@angular/core@21.0.3(rxjs@7.8.2))(rxjs@7.8.2))(@angular/common@21.0.3(@angular/core@21.0.3(rxjs@7.8.2))(rxjs@7.8.2))(@angular/core@21.0.3(rxjs@7.8.2))(@angular/forms@21.0.3(@angular/common@21.0.3(@angular/core@21.0.3(rxjs@7.8.2))(rxjs@7.8.2))(@angular/core@21.0.3(rxjs@7.8.2))(@angular/platform-browser@21.0.3(@angular/common@21.0.3(@angular/core@21.0.3(rxjs@7.8.2))(rxjs@7.8.2))(@angular/core@21.0.3(rxjs@7.8.2)))(@standard-schema/spec@1.0.0)(rxjs@7.8.2))(@angular/platform-browser@21.0.3(@angular/common@21.0.3(@angular/core@21.0.3(rxjs@7.8.2))(rxjs@7.8.2))(@angular/core@21.0.3(rxjs@7.8.2)))(@angular/router@21.0.3(@angular/common@21.0.3(@angular/core@21.0.3(rxjs@7.8.2))(rxjs@7.8.2))(@angular/core@21.0.3(rxjs@7.8.2))(@angular/platform-browser@21.0.3(@angular/common@21.0.3(@angular/core@21.0.3(rxjs@7.8.2))(rxjs@7.8.2))(@angular/core@21.0.3(rxjs@7.8.2)))(rxjs@7.8.2))(rxjs@7.8.2):
    dependencies:
      '@angular/cdk': 21.0.2(@angular/common@21.0.3(@angular/core@21.0.3(rxjs@7.8.2))(rxjs@7.8.2))(@angular/core@21.0.3(rxjs@7.8.2))(rxjs@7.8.2)
      '@angular/common': 21.0.3(@angular/core@21.0.3(rxjs@7.8.2))(rxjs@7.8.2)
      '@angular/core': 21.0.3(rxjs@7.8.2)
      '@angular/forms': 21.0.3(@angular/common@21.0.3(@angular/core@21.0.3(rxjs@7.8.2))(rxjs@7.8.2))(@angular/core@21.0.3(rxjs@7.8.2))(@angular/platform-browser@21.0.3(@angular/common@21.0.3(@angular/core@21.0.3(rxjs@7.8.2))(rxjs@7.8.2))(@angular/core@21.0.3(rxjs@7.8.2)))(@standard-schema/spec@1.0.0)(rxjs@7.8.2)
      '@angular/platform-browser': 21.0.3(@angular/common@21.0.3(@angular/core@21.0.3(rxjs@7.8.2))(rxjs@7.8.2))(@angular/core@21.0.3(rxjs@7.8.2))
      '@angular/router': 21.0.3(@angular/common@21.0.3(@angular/core@21.0.3(rxjs@7.8.2))(rxjs@7.8.2))(@angular/core@21.0.3(rxjs@7.8.2))(@angular/platform-browser@21.0.3(@angular/common@21.0.3(@angular/core@21.0.3(rxjs@7.8.2))(rxjs@7.8.2))(@angular/core@21.0.3(rxjs@7.8.2)))(rxjs@7.8.2)
      '@primeuix/motion': 0.0.10
      '@primeuix/styled': 0.7.4
      '@primeuix/styles': 2.0.2
      '@primeuix/utils': 0.6.3
      rxjs: 7.8.2
      tslib: 2.8.1

  rxjs@7.8.2:
    dependencies:
      tslib: 2.8.1

  tslib@2.8.1: {}
